
Microsoft Visual Studio Solution File, Format Version 12.00
# Visual Studio Version 17
VisualStudioVersion = 17.5.33530.505
MinimumVisualStudioVersion = 10.0.40219.1
Project("{FAE04EC0-301F-11D3-BF4B-00C04F79EFBC}") = "signValidation", "signValidation\signValidation.csproj", "{9CA6A375-9813-43A8-988B-A1F0C936430B}"
EndProject
Global
	GlobalSection(SolutionConfigurationPlatforms) = preSolution
		Debug|Any CPU = Debug|Any CPU
		Release|Any CPU = Release|Any CPU
	EndGlobalSection
	GlobalSection(ProjectConfigurationPlatforms) = postSolution
		{9CA6A375-9813-43A8-988B-A1F0C936430B}.Debug|Any CPU.ActiveCfg = Debug|Any CPU
		{9CA6A375-9813-43A8-988B-A1F0C936430B}.Debug|Any CPU.Build.0 = Debug|Any CPU
		{9CA6A375-9813-43A8-988B-A1F0C936430B}.Release|Any CPU.ActiveCfg = Release|Any CPU
		{9CA6A375-9813-43A8-988B-A1F0C936430B}.Release|Any CPU.Build.0 = Release|Any CPU
	EndGlobalSection
	GlobalSection(SolutionProperties) = preSolution
		HideSolutionNode = FALSE
	EndGlobalSection
	GlobalSection(ExtensibilityGlobals) = postSolution
		SolutionGuid = {94E263C8-FD03-4A2F-9F75-7D9DEAD3DEED}
	EndGlobalSection
EndGlobal
