
Microsoft Visual Studio Solution File, Format Version 12.00
# Visual Studio Version 17
VisualStudioVersion = 17.5.33530.505
MinimumVisualStudioVersion = 10.0.40219.1
Project("{FAE04EC0-301F-11D3-BF4B-00C04F79EFBC}") = "preBiggestNumber", "preBiggestNumber\preBiggestNumber.csproj", "{95711D26-5561-4999-BD77-21E9295DF75F}"
EndProject
Global
	GlobalSection(SolutionConfigurationPlatforms) = preSolution
		Debug|Any CPU = Debug|Any CPU
		Release|Any CPU = Release|Any CPU
	EndGlobalSection
	GlobalSection(ProjectConfigurationPlatforms) = postSolution
		{95711D26-5561-4999-BD77-21E9295DF75F}.Debug|Any CPU.ActiveCfg = Debug|Any CPU
		{95711D26-5561-4999-BD77-21E9295DF75F}.Debug|Any CPU.Build.0 = Debug|Any CPU
		{95711D26-5561-4999-BD77-21E9295DF75F}.Release|Any CPU.ActiveCfg = Release|Any CPU
		{95711D26-5561-4999-BD77-21E9295DF75F}.Release|Any CPU.Build.0 = Release|Any CPU
	EndGlobalSection
	GlobalSection(SolutionProperties) = preSolution
		HideSolutionNode = FALSE
	EndGlobalSection
	GlobalSection(ExtensibilityGlobals) = postSolution
		SolutionGuid = {7E57D90A-F06F-4BBA-987E-41C5805156F7}
	EndGlobalSection
EndGlobal
